
Microsoft Visual Studio Solution File, Format Version 12.00
# Visual Studio Version 17
VisualStudioVersion = 17.8.34322.80
MinimumVisualStudioVersion = 10.0.40219.1
Project("{FAE04EC0-301F-11D3-BF4B-00C04F79EFBC}") = "PaintingGuesser", "PaintingGuesser\PaintingGuesser.csproj", "{2C8BB1B6-1850-442B-8B86-3C92E45F0DC3}"
EndProject
Global
	GlobalSection(SolutionConfigurationPlatforms) = preSolution
		Debug|Any CPU = Debug|Any CPU
		Release|Any CPU = Release|Any CPU
	EndGlobalSection
	GlobalSection(ProjectConfigurationPlatforms) = postSolution
		{2C8BB1B6-1850-442B-8B86-3C92E45F0DC3}.Debug|Any CPU.ActiveCfg = Debug|Any CPU
		{2C8BB1B6-1850-442B-8B86-3C92E45F0DC3}.Debug|Any CPU.Build.0 = Debug|Any CPU
		{2C8BB1B6-1850-442B-8B86-3C92E45F0DC3}.Release|Any CPU.ActiveCfg = Release|Any CPU
		{2C8BB1B6-1850-442B-8B86-3C92E45F0DC3}.Release|Any CPU.Build.0 = Release|Any CPU
	EndGlobalSection
	GlobalSection(SolutionProperties) = preSolution
		HideSolutionNode = FALSE
	EndGlobalSection
	GlobalSection(ExtensibilityGlobals) = postSolution
		SolutionGuid = {F66D8458-A0DA-494C-B68D-5A04A0DD3399}
	EndGlobalSection
EndGlobal
